// !$*UTF8*$!
{
	archiveVersion = 1;
	classes = {
	};
	objectVersion = 50;
	objects = {

/* Begin PBXBuildFile section */
		1C00DBC723F233D600B348B5 /* AppDelegate.swift in Sources */ = {isa = PBXBuildFile; fileRef = 1C00DBC623F233D600B348B5 /* AppDelegate.swift */; };
		1C00DBC923F233D600B348B5 /* SceneDelegate.swift in Sources */ = {isa = PBXBuildFile; fileRef = 1C00DBC823F233D600B348B5 /* SceneDelegate.swift */; };
		1C00DBCB23F233D600B348B5 /* ViewController.swift in Sources */ = {isa = PBXBuildFile; fileRef = 1C00DBCA23F233D600B348B5 /* ViewController.swift */; };
		1C00DBCE23F233D600B348B5 /* Main.storyboard in Resources */ = {isa = PBXBuildFile; fileRef = 1C00DBCC23F233D600B348B5 /* Main.storyboard */; };
		1C00DBD023F233D700B348B5 /* Assets.xcassets in Resources */ = {isa = PBXBuildFile; fileRef = 1C00DBCF23F233D700B348B5 /* Assets.xcassets */; };
		1C00DBD323F233D700B348B5 /* LaunchScreen.storyboard in Resources */ = {isa = PBXBuildFile; fileRef = 1C00DBD123F233D700B348B5 /* LaunchScreen.storyboard */; };
		1C00DBDE23F233D700B348B5 /* FlixTests.swift in Sources */ = {isa = PBXBuildFile; fileRef = 1C00DBDD23F233D700B348B5 /* FlixTests.swift */; };
		1C00DBE923F233D700B348B5 /* FlixUITests.swift in Sources */ = {isa = PBXBuildFile; fileRef = 1C00DBE823F233D700B348B5 /* FlixUITests.swift */; };
/* End PBXBuildFile section */

/* Begin PBXContainerItemProxy section */
		1C00DBDA23F233D700B348B5 /* PBXContainerItemProxy */ = {
			isa = PBXContainerItemProxy;
			containerPortal = 1C00DBBB23F233D600B348B5 /* Project object */;
			proxyType = 1;
			remoteGlobalIDString = 1C00DBC223F233D600B348B5;
			remoteInfo = Flix;
		};
		1C00DBE523F233D700B348B5 /* PBXContainerItemProxy */ = {
			isa = PBXContainerItemProxy;
			containerPortal = 1C00DBBB23F233D600B348B5 /* Project object */;
			proxyType = 1;
			remoteGlobalIDString = 1C00DBC223F233D600B348B5;
			remoteInfo = Flix;
		};
/* End PBXContainerItemProxy section */

/* Begin PBXFileReference section */
		1C00DBC323F233D600B348B5 /* Flix.app */ = {isa = PBXFileReference; explicitFileType = wrapper.application; includeInIndex = 0; path = Flix.app; sourceTree = BUILT_PRODUCTS_DIR; };
		1C00DBC623F233D600B348B5 /* AppDelegate.swift */ = {isa = PBXFileReference; lastKnownFileType = sourcecode.swift; path = AppDelegate.swift; sourceTree = "<group>"; };
		1C00DBC823F233D600B348B5 /* SceneDelegate.swift */ = {isa = PBXFileReference; lastKnownFileType = sourcecode.swift; path = SceneDelegate.swift; sourceTree = "<group>"; };
		1C00DBCA23F233D600B348B5 /* ViewController.swift */ = {isa = PBXFileReference; lastKnownFileType = sourcecode.swift; path = ViewController.swift; sourceTree = "<group>"; };
		1C00DBCD23F233D600B348B5 /* Base */ = {isa = PBXFileReference; lastKnownFileType = file.storyboard; name = Base; path = Base.lproj/Main.storyboard; sourceTree = "<group>"; };
		1C00DBCF23F233D700B348B5 /* Assets.xcassets */ = {isa = PBXFileReference; lastKnownFileType = folder.assetcatalog; path = Assets.xcassets; sourceTree = "<group>"; };
		1C00DBD223F233D700B348B5 /* Base */ = {isa = PBXFileReference; lastKnownFileType = file.storyboard; name = Base; path = Base.lproj/LaunchScreen.storyboard; sourceTree = "<group>"; };
		1C00DBD423F233D700B348B5 /* Info.plist */ = {isa = PBXFileReference; lastKnownFileType = text.plist.xml; path = Info.plist; sourceTree = "<group>"; };
		1C00DBD923F233D700B348B5 /* FlixTests.xctest */ = {isa = PBXFileReference; explicitFileType = wrapper.cfbundle; includeInIndex = 0; path = FlixTests.xctest; sourceTree = BUILT_PRODUCTS_DIR; };
		1C00DBDD23F233D700B348B5 /* FlixTests.swift */ = {isa = PBXFileReference; lastKnownFileType = sourcecode.swift; path = FlixTests.swift; sourceTree = "<group>"; };
		1C00DBDF23F233D700B348B5 /* Info.plist */ = {isa = PBXFileReference; lastKnownFileType = text.plist.xml; path = Info.plist; sourceTree = "<group>"; };
		1C00DBE423F233D700B348B5 /* FlixUITests.xctest */ = {isa = PBXFileReference; explicitFileType = wrapper.cfbundle; includeInIndex = 0; path = FlixUITests.xctest; sourceTree = BUILT_PRODUCTS_DIR; };
		1C00DBE823F233D700B348B5 /* FlixUITests.swift */ = {isa = PBXFileReference; lastKnownFileType = sourcecode.swift; path = FlixUITests.swift; sourceTree = "<group>"; };
		1C00DBEA23F233D700B348B5 /* Info.plist */ = {isa = PBXFileReference; lastKnownFileType = text.plist.xml; path = Info.plist; sourceTree = "<group>"; };
/* End PBXFileReference section */

/* Begin PBXFrameworksBuildPhase section */
		1C00DBC023F233D600B348B5 /* Frameworks */ = {
			isa = PBXFrameworksBuildPhase;
			buildActionMask = 2147483647;
			files = (
			);
			runOnlyForDeploymentPostprocessing = 0;
		};
		1C00DBD623F233D700B348B5 /* Frameworks */ = {
			isa = PBXFrameworksBuildPhase;
			buildActionMask = 2147483647;
			files = (
			);
			runOnlyForDeploymentPostprocessing = 0;
		};
		1C00DBE123F233D700B348B5 /* Frameworks */ = {
			isa = PBXFrameworksBuildPhase;
			buildActionMask = 2147483647;
			files = (
			);
			runOnlyForDeploymentPostprocessing = 0;
		};
/* End PBXFrameworksBuildPhase section */

/* Begin PBXGroup section */
		1C00DBBA23F233D600B348B5 = {
			isa = PBXGroup;
			children = (
				1C00DBC523F233D600B348B5 /* Flix */,
				1C00DBDC23F233D700B348B5 /* FlixTests */,
				1C00DBE723F233D700B348B5 /* FlixUITests */,
				1C00DBC423F233D600B348B5 /* Products */,
			);
			sourceTree = "<group>";
		};
		1C00DBC423F233D600B348B5 /* Products */ = {
			isa = PBXGroup;
			children = (
				1C00DBC323F233D600B348B5 /* Flix.app */,
				1C00DBD923F233D700B348B5 /* FlixTests.xctest */,
				1C00DBE423F233D700B348B5 /* FlixUITests.xctest */,
			);
			name = Products;
			sourceTree = "<group>";
		};
		1C00DBC523F233D600B348B5 /* Flix */ = {
			isa = PBXGroup;
			children = (
				1C00DBC623F233D600B348B5 /* AppDelegate.swift */,
				1C00DBC823F233D600B348B5 /* SceneDelegate.swift */,
				1C00DBCA23F233D600B348B5 /* ViewController.swift */,
				1C00DBCC23F233D600B348B5 /* Main.storyboard */,
				1C00DBCF23F233D700B348B5 /* Assets.xcassets */,
				1C00DBD123F233D700B348B5 /* LaunchScreen.storyboard */,
				1C00DBD423F233D700B348B5 /* Info.plist */,
			);
			path = Flix;
			sourceTree = "<group>";
		};
		1C00DBDC23F233D700B348B5 /* FlixTests */ = {
			isa = PBXGroup;
			children = (
				1C00DBDD23F233D700B348B5 /* FlixTests.swift */,
				1C00DBDF23F233D700B348B5 /* Info.plist */,
			);
			path = FlixTests;
			sourceTree = "<group>";
		};
		1C00DBE723F233D700B348B5 /* FlixUITests */ = {
			isa = PBXGroup;
			children = (
				1C00DBE823F233D700B348B5 /* FlixUITests.swift */,
				1C00DBEA23F233D700B348B5 /* Info.plist */,
			);
			path = FlixUITests;
			sourceTree = "<group>";
		};
/* End PBXGroup section */

/* Begin PBXNativeTarget section */
		1C00DBC223F233D600B348B5 /* Flix */ = {
			isa = PBXNativeTarget;
			buildConfigurationList = 1C00DBED23F233D700B348B5 /* Build configuration list for PBXNativeTarget "Flix" */;
			buildPhases = (
				1C00DBBF23F233D600B348B5 /* Sources */,
				1C00DBC023F233D600B348B5 /* Frameworks */,
				1C00DBC123F233D600B348B5 /* Resources */,
			);
			buildRules = (
			);
			dependencies = (
			);
			name = Flix;
			productName = Flix;
			productReference = 1C00DBC323F233D600B348B5 /* Flix.app */;
			productType = "com.apple.product-type.application";
		};
		1C00DBD823F233D700B348B5 /* FlixTests */ = {
			isa = PBXNativeTarget;
			buildConfigurationList = 1C00DBF023F233D700B348B5 /* Build configuration list for PBXNativeTarget "FlixTests" */;
			buildPhases = (
				1C00DBD523F233D700B348B5 /* Sources */,
				1C00DBD623F233D700B348B5 /* Frameworks */,
				1C00DBD723F233D700B348B5 /* Resources */,
			);
			buildRules = (
			);
			dependencies = (
				1C00DBDB23F233D700B348B5 /* PBXTargetDependency */,
			);
			name = FlixTests;
			productName = FlixTests;
			productReference = 1C00DBD923F233D700B348B5 /* FlixTests.xctest */;
			productType = "com.apple.product-type.bundle.unit-test";
		};
		1C00DBE323F233D700B348B5 /* FlixUITests */ = {
			isa = PBXNativeTarget;
			buildConfigurationList = 1C00DBF323F233D700B348B5 /* Build configuration list for PBXNativeTarget "FlixUITests" */;
			buildPhases = (
				1C00DBE023F233D700B348B5 /* Sources */,
				1C00DBE123F233D700B348B5 /* Frameworks */,
				1C00DBE223F233D700B348B5 /* Resources */,
			);
			buildRules = (
			);
			dependencies = (
				1C00DBE623F233D700B348B5 /* PBXTargetDependency */,
			);
			name = FlixUITests;
			productName = FlixUITests;
			productReference = 1C00DBE423F233D700B348B5 /* FlixUITests.xctest */;
			productType = "com.apple.product-type.bundle.ui-testing";
		};
/* End PBXNativeTarget section */

/* Begin PBXProject section */
		1C00DBBB23F233D600B348B5 /* Project object */ = {
			isa = PBXProject;
			attributes = {
				LastSwiftUpdateCheck = 1110;
				LastUpgradeCheck = 1110;
				ORGANIZATIONNAME = NanarBoursalian;
				TargetAttributes = {
					1C00DBC223F233D600B348B5 = {
						CreatedOnToolsVersion = 11.1;
					};
					1C00DBD823F233D700B348B5 = {
						CreatedOnToolsVersion = 11.1;
						TestTargetID = 1C00DBC223F233D600B348B5;
					};
					1C00DBE323F233D700B348B5 = {
						CreatedOnToolsVersion = 11.1;
						TestTargetID = 1C00DBC223F233D600B348B5;
					};
				};
			};
			buildConfigurationList = 1C00DBBE23F233D600B348B5 /* Build configuration list for PBXProject "Flix" */;
			compatibilityVersion = "Xcode 9.3";
			developmentRegion = en;
			hasScannedForEncodings = 0;
			knownRegions = (
				en,
				Base,
			);
			mainGroup = 1C00DBBA23F233D600B348B5;
			productRefGroup = 1C00DBC423F233D600B348B5 /* Products */;
			projectDirPath = "";
			projectRoot = "";
			targets = (
				1C00DBC223F233D600B348B5 /* Flix */,
				1C00DBD823F233D700B348B5 /* FlixTests */,
				1C00DBE323F233D700B348B5 /* FlixUITests */,
			);
		};
/* End PBXProject section */

/* Begin PBXResourcesBuildPhase section */
		1C00DBC123F233D600B348B5 /* Resources */ = {
			isa = PBXResourcesBuildPhase;
			buildActionMask = 2147483647;
			files = (
				1C00DBD323F233D700B348B5 /* LaunchScreen.storyboard in Resources */,
				1C00DBD023F233D700B348B5 /* Assets.xcassets in Resources */,
				1C00DBCE23F233D600B348B5 /* Main.storyboard in Resources */,
			);
			runOnlyForDeploymentPostprocessing = 0;
		};
		1C00DBD723F233D700B348B5 /* Resources */ = {
			isa = PBXResourcesBuildPhase;
			buildActionMask = 2147483647;
			files = (
			);
			runOnlyForDeploymentPostprocessing = 0;
		};
		1C00DBE223F233D700B348B5 /* Resources */ = {
			isa = PBXResourcesBuildPhase;
			buildActionMask = 2147483647;
			files = (
			);
			runOnlyForDeploymentPostprocessing = 0;
		};
/* End PBXResourcesBuildPhase section */

/* Begin PBXSourcesBuildPhase section */
		1C00DBBF23F233D600B348B5 /* Sources */ = {
			isa = PBXSourcesBuildPhase;
			buildActionMask = 2147483647;
			files = (
				1C00DBCB23F233D600B348B5 /* ViewController.swift in Sources */,
				1C00DBC723F233D600B348B5 /* AppDelegate.swift in Sources */,
				1C00DBC923F233D600B348B5 /* SceneDelegate.swift in Sources */,
			);
			runOnlyForDeploymentPostprocessing = 0;
		};
		1C00DBD523F233D700B348B5 /* Sources */ = {
			isa = PBXSourcesBuildPhase;
			buildActionMask = 2147483647;
			files = (
				1C00DBDE23F233D700B348B5 /* FlixTests.swift in Sources */,
			);
			runOnlyForDeploymentPostprocessing = 0;
		};
		1C00DBE023F233D700B348B5 /* Sources */ = {
			isa = PBXSourcesBuildPhase;
			buildActionMask = 2147483647;
			files = (
				1C00DBE923F233D700B348B5 /* FlixUITests.swift in Sources */,
			);
			runOnlyForDeploymentPostprocessing = 0;
		};
/* End PBXSourcesBuildPhase section */

/* Begin PBXTargetDependency section */
		1C00DBDB23F233D700B348B5 /* PBXTargetDependency */ = {
			isa = PBXTargetDependency;
			target = 1C00DBC223F233D600B348B5 /* Flix */;
			targetProxy = 1C00DBDA23F233D700B348B5 /* PBXContainerItemProxy */;
		};
		1C00DBE623F233D700B348B5 /* PBXTargetDependency */ = {
			isa = PBXTargetDependency;
			target = 1C00DBC223F233D600B348B5 /* Flix */;
			targetProxy = 1C00DBE523F233D700B348B5 /* PBXContainerItemProxy */;
		};
/* End PBXTargetDependency section */

/* Begin PBXVariantGroup section */
		1C00DBCC23F233D600B348B5 /* Main.storyboard */ = {
			isa = PBXVariantGroup;
			children = (
				1C00DBCD23F233D600B348B5 /* Base */,
			);
			name = Main.storyboard;
			sourceTree = "<group>";
		};
		1C00DBD123F233D700B348B5 /* LaunchScreen.storyboard */ = {
			isa = PBXVariantGroup;
			children = (
				1C00DBD223F233D700B348B5 /* Base */,
			);
			name = LaunchScreen.storyboard;
			sourceTree = "<group>";
		};
/* End PBXVariantGroup section */

/* Begin XCBuildConfiguration section */
		1C00DBEB23F233D700B348B5 /* Debug */ = {
			isa = XCBuildConfiguration;
			buildSettings = {
				ALWAYS_SEARCH_USER_PATHS = NO;
				CLANG_ANALYZER_NONNULL = YES;
				CLANG_ANALYZER_NUMBER_OBJECT_CONVERSION = YES_AGGRESSIVE;
				CLANG_CXX_LANGUAGE_STANDARD = "gnu++14";
				CLANG_CXX_LIBRARY = "libc++";
				CLANG_ENABLE_MODULES = YES;
				CLANG_ENABLE_OBJC_ARC = YES;
				CLANG_ENABLE_OBJC_WEAK = YES;
				CLANG_WARN_BLOCK_CAPTURE_AUTORELEASING = YES;
				CLANG_WARN_BOOL_CONVERSION = YES;
				CLANG_WARN_COMMA = YES;
				CLANG_WARN_CONSTANT_CONVERSION = YES;
				CLANG_WARN_DEPRECATED_OBJC_IMPLEMENTATIONS = YES;
				CLANG_WARN_DIRECT_OBJC_ISA_USAGE = YES_ERROR;
				CLANG_WARN_DOCUMENTATION_COMMENTS = YES;
				CLANG_WARN_EMPTY_BODY = YES;
				CLANG_WARN_ENUM_CONVERSION = YES;
				CLANG_WARN_INFINITE_RECURSION = YES;
				CLANG_WARN_INT_CONVERSION = YES;
				CLANG_WARN_NON_LITERAL_NULL_CONVERSION = YES;
				CLANG_WARN_OBJC_IMPLICIT_RETAIN_SELF = YES;
				CLANG_WARN_OBJC_LITERAL_CONVERSION = YES;
				CLANG_WARN_OBJC_ROOT_CLASS = YES_ERROR;
				CLANG_WARN_RANGE_LOOP_ANALYSIS = YES;
				CLANG_WARN_STRICT_PROTOTYPES = YES;
				CLANG_WARN_SUSPICIOUS_MOVE = YES;
				CLANG_WARN_UNGUARDED_AVAILABILITY = YES_AGGRESSIVE;
				CLANG_WARN_UNREACHABLE_CODE = YES;
				CLANG_WARN__DUPLICATE_METHOD_MATCH = YES;
				COPY_PHASE_STRIP = NO;
				DEBUG_INFORMATION_FORMAT = dwarf;
				ENABLE_STRICT_OBJC_MSGSEND = YES;
				ENABLE_TESTABILITY = YES;
				GCC_C_LANGUAGE_STANDARD = gnu11;
				GCC_DYNAMIC_NO_PIC = NO;
				GCC_NO_COMMON_BLOCKS = YES;
				GCC_OPTIMIZATION_LEVEL = 0;
				GCC_PREPROCESSOR_DEFINITIONS = (
					"DEBUG=1",
					"$(inherited)",
				);
				GCC_WARN_64_TO_32_BIT_CONVERSION = YES;
				GCC_WARN_ABOUT_RETURN_TYPE = YES_ERROR;
				GCC_WARN_UNDECLARED_SELECTOR = YES;
				GCC_WARN_UNINITIALIZED_AUTOS = YES_AGGRESSIVE;
				GCC_WARN_UNUSED_FUNCTION = YES;
				GCC_WARN_UNUSED_VARIABLE = YES;
				IPHONEOS_DEPLOYMENT_TARGET = 13.1;
				MTL_ENABLE_DEBUG_INFO = INCLUDE_SOURCE;
				MTL_FAST_MATH = YES;
				ONLY_ACTIVE_ARCH = YES;
				SDKROOT = iphoneos;
				SWIFT_ACTIVE_COMPILATION_CONDITIONS = DEBUG;
				SWIFT_OPTIMIZATION_LEVEL = "-Onone";
			};
			name = Debug;
		};
		1C00DBEC23F233D700B348B5 /* Release */ = {
			isa = XCBuildConfiguration;
			buildSettings = {
				ALWAYS_SEARCH_USER_PATHS = NO;
				CLANG_ANALYZER_NONNULL = YES;
				CLANG_ANALYZER_NUMBER_OBJECT_CONVERSION = YES_AGGRESSIVE;
				CLANG_CXX_LANGUAGE_STANDARD = "gnu++14";
				CLANG_CXX_LIBRARY = "libc++";
				CLANG_ENABLE_MODULES = YES;
				CLANG_ENABLE_OBJC_ARC = YES;
				CLANG_ENABLE_OBJC_WEAK = YES;
				CLANG_WARN_BLOCK_CAPTURE_AUTORELEASING = YES;
				CLANG_WARN_BOOL_CONVERSION = YES;
				CLANG_WARN_COMMA = YES;
				CLANG_WARN_CONSTANT_CONVERSION = YES;
				CLANG_WARN_DEPRECATED_OBJC_IMPLEMENTATIONS = YES;
				CLANG_WARN_DIRECT_OBJC_ISA_USAGE = YES_ERROR;
				CLANG_WARN_DOCUMENTATION_COMMENTS = YES;
				CLANG_WARN_EMPTY_BODY = YES;
				CLANG_WARN_ENUM_CONVERSION = YES;
				CLANG_WARN_INFINITE_RECURSION = YES;
				CLANG_WARN_INT_CONVERSION = YES;
				CLANG_WARN_NON_LITERAL_NULL_CONVERSION = YES;
				CLANG_WARN_OBJC_IMPLICIT_RETAIN_SELF = YES;
				CLANG_WARN_OBJC_LITERAL_CONVERSION = YES;
				CLANG_WARN_OBJC_ROOT_CLASS = YES_ERROR;
				CLANG_WARN_RANGE_LOOP_ANALYSIS = YES;
				CLANG_WARN_STRICT_PROTOTYPES = YES;
				CLANG_WARN_SUSPICIOUS_MOVE = YES;
				CLANG_WARN_UNGUARDED_AVAILABILITY = YES_AGGRESSIVE;
				CLANG_WARN_UNREACHABLE_CODE = YES;
				CLANG_WARN__DUPLICATE_METHOD_MATCH = YES;
				COPY_PHASE_STRIP = NO;
				DEBUG_INFORMATION_FORMAT = "dwarf-with-dsym";
				ENABLE_NS_ASSERTIONS = NO;
				ENABLE_STRICT_OBJC_MSGSEND = YES;
				GCC_C_LANGUAGE_STANDARD = gnu11;
				GCC_NO_COMMON_BLOCKS = YES;
				GCC_WARN_64_TO_32_BIT_CONVERSION = YES;
				GCC_WARN_ABOUT_RETURN_TYPE = YES_ERROR;
				GCC_WARN_UNDECLARED_SELECTOR = YES;
				GCC_WARN_UNINITIALIZED_AUTOS = YES_AGGRESSIVE;
				GCC_WARN_UNUSED_FUNCTION = YES;
				GCC_WARN_UNUSED_VARIABLE = YES;
				IPHONEOS_DEPLOYMENT_TARGET = 13.1;
				MTL_ENABLE_DEBUG_INFO = NO;
				MTL_FAST_MATH = YES;
				SDKROOT = iphoneos;
				SWIFT_COMPILATION_MODE = wholemodule;
				SWIFT_OPTIMIZATION_LEVEL = "-O";
				VALIDATE_PRODUCT = YES;
			};
			name = Release;
		};
		1C00DBEE23F233D700B348B5 /* Debug */ = {
			isa = XCBuildConfiguration;
			buildSettings = {
				ASSETCATALOG_COMPILER_APPICON_NAME = AppIcon;
				CODE_SIGN_STYLE = Automatic;
				INFOPLIST_FILE = Flix/Info.plist;
				LD_RUNPATH_SEARCH_PATHS = (
					"$(inherited)",
					"@executable_path/Frameworks",
				);
				PRODUCT_BUNDLE_IDENTIFIER = com.NanarBoursalian.Flix;
				PRODUCT_NAME = "$(TARGET_NAME)";
				SWIFT_VERSION = 5.0;
				TARGETED_DEVICE_FAMILY = "1,2";
			};
			name = Debug;
		};
		1C00DBEF23F233D700B348B5 /* Release */ = {
			isa = XCBuildConfiguration;
			buildSettings = {
				ASSETCATALOG_COMPILER_APPICON_NAME = AppIcon;
				CODE_SIGN_STYLE = Automatic;
				INFOPLIST_FILE = Flix/Info.plist;
				LD_RUNPATH_SEARCH_PATHS = (
					"$(inherited)",
					"@executable_path/Frameworks",
				);
				PRODUCT_BUNDLE_IDENTIFIER = com.NanarBoursalian.Flix;
				PRODUCT_NAME = "$(TARGET_NAME)";
				SWIFT_VERSION = 5.0;
				TARGETED_DEVICE_FAMILY = "1,2";
			};
			name = Release;
		};
		1C00DBF123F233D700B348B5 /* Debug */ = {
			isa = XCBuildConfiguration;
			buildSettings = {
				ALWAYS_EMBED_SWIFT_STANDARD_LIBRARIES = YES;
				BUNDLE_LOADER = "$(TEST_HOST)";
				CODE_SIGN_STYLE = Automatic;
				INFOPLIST_FILE = FlixTests/Info.plist;
				IPHONEOS_DEPLOYMENT_TARGET = 13.1;
				LD_RUNPATH_SEARCH_PATHS = (
					"$(inherited)",
					"@executable_path/Frameworks",
					"@loader_path/Frameworks",
				);
				PRODUCT_BUNDLE_IDENTIFIER = com.NanarBoursalian.FlixTests;
				PRODUCT_NAME = "$(TARGET_NAME)";
				SWIFT_VERSION = 5.0;
				TARGETED_DEVICE_FAMILY = "1,2";
				TEST_HOST = "$(BUILT_PRODUCTS_DIR)/Flix.app/Flix";
			};
			name = Debug;
		};
		1C00DBF223F233D700B348B5 /* Release */ = {
			isa = XCBuildConfiguration;
			buildSettings = {
				ALWAYS_EMBED_SWIFT_STANDARD_LIBRARIES = YES;
				BUNDLE_LOADER = "$(TEST_HOST)";
				CODE_SIGN_STYLE = Automatic;
				INFOPLIST_FILE = FlixTests/Info.plist;
				IPHONEOS_DEPLOYMENT_TARGET = 13.1;
				LD_RUNPATH_SEARCH_PATHS = (
					"$(inherited)",
					"@executable_path/Frameworks",
					"@loader_path/Frameworks",
				);
				PRODUCT_BUNDLE_IDENTIFIER = com.NanarBoursalian.FlixTests;
				PRODUCT_NAME = "$(TARGET_NAME)";
				SWIFT_VERSION = 5.0;
				TARGETED_DEVICE_FAMILY = "1,2";
				TEST_HOST = "$(BUILT_PRODUCTS_DIR)/Flix.app/Flix";
			};
			name = Release;
		};
		1C00DBF423F233D700B348B5 /* Debug */ = {
			isa = XCBuildConfiguration;
			buildSettings = {
				ALWAYS_EMBED_SWIFT_STANDARD_LIBRARIES = YES;
				CODE_SIGN_STYLE = Automatic;
				INFOPLIST_FILE = FlixUITests/Info.plist;
				LD_RUNPATH_SEARCH_PATHS = (
					"$(inherited)",
					"@executable_path/Frameworks",
					"@loader_path/Frameworks",
				);
				PRODUCT_BUNDLE_IDENTIFIER = com.NanarBoursalian.FlixUITests;
				PRODUCT_NAME = "$(TARGET_NAME)";
				SWIFT_VERSION = 5.0;
				TARGETED_DEVICE_FAMILY = "1,2";
				TEST_TARGET_NAME = Flix;
			};
			name = Debug;
		};
		1C00DBF523F233D700B348B5 /* Release */ = {
			isa = XCBuildConfiguration;
			buildSettings = {
				ALWAYS_EMBED_SWIFT_STANDARD_LIBRARIES = YES;
				CODE_SIGN_STYLE = Automatic;
				INFOPLIST_FILE = FlixUITests/Info.plist;
				LD_RUNPATH_SEARCH_PATHS = (
					"$(inherited)",
					"@executable_path/Frameworks",
					"@loader_path/Frameworks",
				);
				PRODUCT_BUNDLE_IDENTIFIER = com.NanarBoursalian.FlixUITests;
				PRODUCT_NAME = "$(TARGET_NAME)";
				SWIFT_VERSION = 5.0;
				TARGETED_DEVICE_FAMILY = "1,2";
				TEST_TARGET_NAME = Flix;
			};
			name = Release;
		};
/* End XCBuildConfiguration section */

/* Begin XCConfigurationList section */
		1C00DBBE23F233D600B348B5 /* Build configuration list for PBXProject "Flix" */ = {
			isa = XCConfigurationList;
			buildConfigurations = (
				1C00DBEB23F233D700B348B5 /* Debug */,
				1C00DBEC23F233D700B348B5 /* Release */,
			);
			defaultConfigurationIsVisible = 0;
			defaultConfigurationName = Release;
		};
		1C00DBED23F233D700B348B5 /* Build configuration list for PBXNativeTarget "Flix" */ = {
			isa = XCConfigurationList;
			buildConfigurations = (
				1C00DBEE23F233D700B348B5 /* Debug */,
				1C00DBEF23F233D700B348B5 /* Release */,
			);
			defaultConfigurationIsVisible = 0;
			defaultConfigurationName = Release;
		};
		1C00DBF023F233D700B348B5 /* Build configuration list for PBXNativeTarget "FlixTests" */ = {
			isa = XCConfigurationList;
			buildConfigurations = (
				1C00DBF123F233D700B348B5 /* Debug */,
				1C00DBF223F233D700B348B5 /* Release */,
			);
			defaultConfigurationIsVisible = 0;
			defaultConfigurationName = Release;
		};
		1C00DBF323F233D700B348B5 /* Build configuration list for PBXNativeTarget "FlixUITests" */ = {
			isa = XCConfigurationList;
			buildConfigurations = (
				1C00DBF423F233D700B348B5 /* Debug */,
				1C00DBF523F233D700B348B5 /* Release */,
			);
			defaultConfigurationIsVisible = 0;
			defaultConfigurationName = Release;
		};
/* End XCConfigurationList section */
	};
	rootObject = 1C00DBBB23F233D600B348B5 /* Project object */;
}
