// !$*UTF8*$!
{
	archiveVersion = 1;
	classes = {
	};
	objectVersion = 51;
	objects = {

/* Begin PBXBuildFile section */
		1C00DBC723F233D600B348B5 /* AppDelegate.swift in Sources */ = {isa = PBXBuildFile; fileRef = 1C00DBC623F233D600B348B5 /* AppDelegate.swift */; };
		1C00DBC923F233D600B348B5 /* SceneDelegate.swift in Sources */ = {isa = PBXBuildFile; fileRef = 1C00DBC823F233D600B348B5 /* SceneDelegate.swift */; };
		1C00DBCE23F233D600B348B5 /* Main.storyboard in Resources */ = {isa = PBXBuildFile; fileRef = 1C00DBCC23F233D600B348B5 /* Main.storyboard */; };
		1C00DBD023F233D700B348B5 /* Assets.xcassets in Resources */ = {isa = PBXBuildFile; fileRef = 1C00DBCF23F233D700B348B5 /* Assets.xcassets */; };
		1C00DBD323F233D700B348B5 /* LaunchScreen.storyboard in Resources */ = {isa = PBXBuildFile; fileRef = 1C00DBD123F233D700B348B5 /* LaunchScreen.storyboard */; };
		1C00DBDE23F233D700B348B5 /* FlixTests.swift in Sources */ = {isa = PBXBuildFile; fileRef = 1C00DBDD23F233D700B348B5 /* FlixTests.swift */; };
		1C00DBE923F233D700B348B5 /* FlixUITests.swift in Sources */ = {isa = PBXBuildFile; fileRef = 1C00DBE823F233D700B348B5 /* FlixUITests.swift */; };
		1C00DBF723F2399A00B348B5 /* MoviesViewController.swift in Sources */ = {isa = PBXBuildFile; fileRef = 1C00DBF623F2399A00B348B5 /* MoviesViewController.swift */; };
		1C00DBF923F2443A00B348B5 /* MovieCell.swift in Sources */ = {isa = PBXBuildFile; fileRef = 1C00DBF823F2443A00B348B5 /* MovieCell.swift */; };
		1C14754D23FC9153008451D0 /* MovieGridViewController.swift in Sources */ = {isa = PBXBuildFile; fileRef = 1C14754C23FC9153008451D0 /* MovieGridViewController.swift */; };
		1C14754F23FC9AF2008451D0 /* MovieGridCell.swift in Sources */ = {isa = PBXBuildFile; fileRef = 1C14754E23FC9AF2008451D0 /* MovieGridCell.swift */; };
		1C2A433C23FB7AF20057991A /* MovieDetailsViewController.swift in Sources */ = {isa = PBXBuildFile; fileRef = 1C2A433B23FB7AF20057991A /* MovieDetailsViewController.swift */; };
		9EC53DEE803323E314C81C06 /* Pods_FlixTests.framework in Frameworks */ = {isa = PBXBuildFile; fileRef = 6EAE6EA56EC00741A268EAF9 /* Pods_FlixTests.framework */; };
		B5062385C9A01308F35050F7 /* Pods_Flix_FlixUITests.framework in Frameworks */ = {isa = PBXBuildFile; fileRef = 5908F0442D44790AFCD80EE0 /* Pods_Flix_FlixUITests.framework */; };
		DA731641E670A92A825330B0 /* Pods_Flix.framework in Frameworks */ = {isa = PBXBuildFile; fileRef = D0FE08ABD9BA72727A9E2159 /* Pods_Flix.framework */; };
/* End PBXBuildFile section */

/* Begin PBXContainerItemProxy section */
		1C00DBDA23F233D700B348B5 /* PBXContainerItemProxy */ = {
			isa = PBXContainerItemProxy;
			containerPortal = 1C00DBBB23F233D600B348B5 /* Project object */;
			proxyType = 1;
			remoteGlobalIDString = 1C00DBC223F233D600B348B5;
			remoteInfo = Flix;
		};
		1C00DBE523F233D700B348B5 /* PBXContainerItemProxy */ = {
			isa = PBXContainerItemProxy;
			containerPortal = 1C00DBBB23F233D600B348B5 /* Project object */;
			proxyType = 1;
			remoteGlobalIDString = 1C00DBC223F233D600B348B5;
			remoteInfo = Flix;
		};
/* End PBXContainerItemProxy section */

/* Begin PBXFileReference section */
		141CBA3D5A2A83F76059B86D /* Pods-Flix.release.xcconfig */ = {isa = PBXFileReference; includeInIndex = 1; lastKnownFileType = text.xcconfig; name = "Pods-Flix.release.xcconfig"; path = "Target Support Files/Pods-Flix/Pods-Flix.release.xcconfig"; sourceTree = "<group>"; };
		1C00DBC323F233D600B348B5 /* Flix.app */ = {isa = PBXFileReference; explicitFileType = wrapper.application; includeInIndex = 0; path = Flix.app; sourceTree = BUILT_PRODUCTS_DIR; };
		1C00DBC623F233D600B348B5 /* AppDelegate.swift */ = {isa = PBXFileReference; lastKnownFileType = sourcecode.swift; path = AppDelegate.swift; sourceTree = "<group>"; };
		1C00DBC823F233D600B348B5 /* SceneDelegate.swift */ = {isa = PBXFileReference; lastKnownFileType = sourcecode.swift; path = SceneDelegate.swift; sourceTree = "<group>"; };
		1C00DBCD23F233D600B348B5 /* Base */ = {isa = PBXFileReference; lastKnownFileType = file.storyboard; name = Base; path = Base.lproj/Main.storyboard; sourceTree = "<group>"; };
		1C00DBCF23F233D700B348B5 /* Assets.xcassets */ = {isa = PBXFileReference; lastKnownFileType = folder.assetcatalog; path = Assets.xcassets; sourceTree = "<group>"; };
		1C00DBD223F233D700B348B5 /* Base */ = {isa = PBXFileReference; lastKnownFileType = file.storyboard; name = Base; path = Base.lproj/LaunchScreen.storyboard; sourceTree = "<group>"; };
		1C00DBD423F233D700B348B5 /* Info.plist */ = {isa = PBXFileReference; lastKnownFileType = text.plist.xml; path = Info.plist; sourceTree = "<group>"; };
		1C00DBD923F233D700B348B5 /* FlixTests.xctest */ = {isa = PBXFileReference; explicitFileType = wrapper.cfbundle; includeInIndex = 0; path = FlixTests.xctest; sourceTree = BUILT_PRODUCTS_DIR; };
		1C00DBDD23F233D700B348B5 /* FlixTests.swift */ = {isa = PBXFileReference; lastKnownFileType = sourcecode.swift; path = FlixTests.swift; sourceTree = "<group>"; };
		1C00DBDF23F233D700B348B5 /* Info.plist */ = {isa = PBXFileReference; lastKnownFileType = text.plist.xml; path = Info.plist; sourceTree = "<group>"; };
		1C00DBE423F233D700B348B5 /* FlixUITests.xctest */ = {isa = PBXFileReference; explicitFileType = wrapper.cfbundle; includeInIndex = 0; path = FlixUITests.xctest; sourceTree = BUILT_PRODUCTS_DIR; };
		1C00DBE823F233D700B348B5 /* FlixUITests.swift */ = {isa = PBXFileReference; lastKnownFileType = sourcecode.swift; path = FlixUITests.swift; sourceTree = "<group>"; };
		1C00DBEA23F233D700B348B5 /* Info.plist */ = {isa = PBXFileReference; lastKnownFileType = text.plist.xml; path = Info.plist; sourceTree = "<group>"; };
		1C00DBF623F2399A00B348B5 /* MoviesViewController.swift */ = {isa = PBXFileReference; lastKnownFileType = sourcecode.swift; path = MoviesViewController.swift; sourceTree = "<group>"; };
		1C00DBF823F2443A00B348B5 /* MovieCell.swift */ = {isa = PBXFileReference; lastKnownFileType = sourcecode.swift; path = MovieCell.swift; sourceTree = "<group>"; };
		1C14754C23FC9153008451D0 /* MovieGridViewController.swift */ = {isa = PBXFileReference; lastKnownFileType = sourcecode.swift; path = MovieGridViewController.swift; sourceTree = "<group>"; };
		1C14754E23FC9AF2008451D0 /* MovieGridCell.swift */ = {isa = PBXFileReference; lastKnownFileType = sourcecode.swift; path = MovieGridCell.swift; sourceTree = "<group>"; };
		1C2A433B23FB7AF20057991A /* MovieDetailsViewController.swift */ = {isa = PBXFileReference; lastKnownFileType = sourcecode.swift; path = MovieDetailsViewController.swift; sourceTree = "<group>"; };
		332D3FF074C5200ED9624D3F /* Pods-Flix-FlixUITests.debug.xcconfig */ = {isa = PBXFileReference; includeInIndex = 1; lastKnownFileType = text.xcconfig; name = "Pods-Flix-FlixUITests.debug.xcconfig"; path = "Target Support Files/Pods-Flix-FlixUITests/Pods-Flix-FlixUITests.debug.xcconfig"; sourceTree = "<group>"; };
		4033982391E7A7B8998694D2 /* Pods-Flix-FlixUITests.release.xcconfig */ = {isa = PBXFileReference; includeInIndex = 1; lastKnownFileType = text.xcconfig; name = "Pods-Flix-FlixUITests.release.xcconfig"; path = "Target Support Files/Pods-Flix-FlixUITests/Pods-Flix-FlixUITests.release.xcconfig"; sourceTree = "<group>"; };
		5908F0442D44790AFCD80EE0 /* Pods_Flix_FlixUITests.framework */ = {isa = PBXFileReference; explicitFileType = wrapper.framework; includeInIndex = 0; path = Pods_Flix_FlixUITests.framework; sourceTree = BUILT_PRODUCTS_DIR; };
		6EAE6EA56EC00741A268EAF9 /* Pods_FlixTests.framework */ = {isa = PBXFileReference; explicitFileType = wrapper.framework; includeInIndex = 0; path = Pods_FlixTests.framework; sourceTree = BUILT_PRODUCTS_DIR; };
		8578BA3594151CC5EA1AE48B /* Pods-Flix.debug.xcconfig */ = {isa = PBXFileReference; includeInIndex = 1; lastKnownFileType = text.xcconfig; name = "Pods-Flix.debug.xcconfig"; path = "Target Support Files/Pods-Flix/Pods-Flix.debug.xcconfig"; sourceTree = "<group>"; };
		D0FE08ABD9BA72727A9E2159 /* Pods_Flix.framework */ = {isa = PBXFileReference; explicitFileType = wrapper.framework; includeInIndex = 0; path = Pods_Flix.framework; sourceTree = BUILT_PRODUCTS_DIR; };
		E9680ED863E669329D640AA9 /* Pods-FlixTests.release.xcconfig */ = {isa = PBXFileReference; includeInIndex = 1; lastKnownFileType = text.xcconfig; name = "Pods-FlixTests.release.xcconfig"; path = "Target Support Files/Pods-FlixTests/Pods-FlixTests.release.xcconfig"; sourceTree = "<group>"; };
		F0506C4ED537E4BA367BB0BD /* Pods-FlixTests.debug.xcconfig */ = {isa = PBXFileReference; includeInIndex = 1; lastKnownFileType = text.xcconfig; name = "Pods-FlixTests.debug.xcconfig"; path = "Target Support Files/Pods-FlixTests/Pods-FlixTests.debug.xcconfig"; sourceTree = "<group>"; };
/* End PBXFileReference section */

/* Begin PBXFrameworksBuildPhase section */
		1C00DBC023F233D600B348B5 /* Frameworks */ = {
			isa = PBXFrameworksBuildPhase;
			buildActionMask = 2147483647;
			files = (
				DA731641E670A92A825330B0 /* Pods_Flix.framework in Frameworks */,
			);
			runOnlyForDeploymentPostprocessing = 0;
		};
		1C00DBD623F233D700B348B5 /* Frameworks */ = {
			isa = PBXFrameworksBuildPhase;
			buildActionMask = 2147483647;
			files = (
				9EC53DEE803323E314C81C06 /* Pods_FlixTests.framework in Frameworks */,
			);
			runOnlyForDeploymentPostprocessing = 0;
		};
		1C00DBE123F233D700B348B5 /* Frameworks */ = {
			isa = PBXFrameworksBuildPhase;
			buildActionMask = 2147483647;
			files = (
				B5062385C9A01308F35050F7 /* Pods_Flix_FlixUITests.framework in Frameworks */,
			);
			runOnlyForDeploymentPostprocessing = 0;
		};
/* End PBXFrameworksBuildPhase section */

/* Begin PBXGroup section */
		1C00DBBA23F233D600B348B5 = {
			isa = PBXGroup;
			children = (
				1C00DBC523F233D600B348B5 /* Flix */,
				1C00DBDC23F233D700B348B5 /* FlixTests */,
				1C00DBE723F233D700B348B5 /* FlixUITests */,
				1C00DBC423F233D600B348B5 /* Products */,
				EF3A809FB885F9B5E4D97ED4 /* Pods */,
				D62CCC5BC19D067ECCE467E4 /* Frameworks */,
			);
			sourceTree = "<group>";
		};
		1C00DBC423F233D600B348B5 /* Products */ = {
			isa = PBXGroup;
			children = (
				1C00DBC323F233D600B348B5 /* Flix.app */,
				1C00DBD923F233D700B348B5 /* FlixTests.xctest */,
				1C00DBE423F233D700B348B5 /* FlixUITests.xctest */,
			);
			name = Products;
			sourceTree = "<group>";
		};
		1C00DBC523F233D600B348B5 /* Flix */ = {
			isa = PBXGroup;
			children = (
				1C00DBC623F233D600B348B5 /* AppDelegate.swift */,
				1C00DBC823F233D600B348B5 /* SceneDelegate.swift */,
				1C00DBCC23F233D600B348B5 /* Main.storyboard */,
				1C00DBCF23F233D700B348B5 /* Assets.xcassets */,
				1C00DBD123F233D700B348B5 /* LaunchScreen.storyboard */,
				1C00DBD423F233D700B348B5 /* Info.plist */,
				1C00DBF623F2399A00B348B5 /* MoviesViewController.swift */,
				1C00DBF823F2443A00B348B5 /* MovieCell.swift */,
				1C2A433B23FB7AF20057991A /* MovieDetailsViewController.swift */,
				1C14754C23FC9153008451D0 /* MovieGridViewController.swift */,
				1C14754E23FC9AF2008451D0 /* MovieGridCell.swift */,
			);
			path = Flix;
			sourceTree = "<group>";
		};
		1C00DBDC23F233D700B348B5 /* FlixTests */ = {
			isa = PBXGroup;
			children = (
				1C00DBDD23F233D700B348B5 /* FlixTests.swift */,
				1C00DBDF23F233D700B348B5 /* Info.plist */,
			);
			path = FlixTests;
			sourceTree = "<group>";
		};
		1C00DBE723F233D700B348B5 /* FlixUITests */ = {
			isa = PBXGroup;
			children = (
				1C00DBE823F233D700B348B5 /* FlixUITests.swift */,
				1C00DBEA23F233D700B348B5 /* Info.plist */,
			);
			path = FlixUITests;
			sourceTree = "<group>";
		};
		D62CCC5BC19D067ECCE467E4 /* Frameworks */ = {
			isa = PBXGroup;
			children = (
				D0FE08ABD9BA72727A9E2159 /* Pods_Flix.framework */,
				5908F0442D44790AFCD80EE0 /* Pods_Flix_FlixUITests.framework */,
				6EAE6EA56EC00741A268EAF9 /* Pods_FlixTests.framework */,
			);
			name = Frameworks;
			sourceTree = "<group>";
		};
		EF3A809FB885F9B5E4D97ED4 /* Pods */ = {
			isa = PBXGroup;
			children = (
				8578BA3594151CC5EA1AE48B /* Pods-Flix.debug.xcconfig */,
				141CBA3D5A2A83F76059B86D /* Pods-Flix.release.xcconfig */,
				332D3FF074C5200ED9624D3F /* Pods-Flix-FlixUITests.debug.xcconfig */,
				4033982391E7A7B8998694D2 /* Pods-Flix-FlixUITests.release.xcconfig */,
				F0506C4ED537E4BA367BB0BD /* Pods-FlixTests.debug.xcconfig */,
				E9680ED863E669329D640AA9 /* Pods-FlixTests.release.xcconfig */,
			);
			path = Pods;
			sourceTree = "<group>";
		};
/* End PBXGroup section */

/* Begin PBXNativeTarget section */
		1C00DBC223F233D600B348B5 /* Flix */ = {
			isa = PBXNativeTarget;
			buildConfigurationList = 1C00DBED23F233D700B348B5 /* Build configuration list for PBXNativeTarget "Flix" */;
			buildPhases = (
				AAF0BADE84DB2DAD43FE1F1C /* [CP] Check Pods Manifest.lock */,
				1C00DBBF23F233D600B348B5 /* Sources */,
				1C00DBC023F233D600B348B5 /* Frameworks */,
				1C00DBC123F233D600B348B5 /* Resources */,
				156C68EB1B624806F9CF9903 /* [CP] Embed Pods Frameworks */,
			);
			buildRules = (
			);
			dependencies = (
			);
			name = Flix;
			productName = Flix;
			productReference = 1C00DBC323F233D600B348B5 /* Flix.app */;
			productType = "com.apple.product-type.application";
		};
		1C00DBD823F233D700B348B5 /* FlixTests */ = {
			isa = PBXNativeTarget;
			buildConfigurationList = 1C00DBF023F233D700B348B5 /* Build configuration list for PBXNativeTarget "FlixTests" */;
			buildPhases = (
				49F757A8060BA9222AC05EC7 /* [CP] Check Pods Manifest.lock */,
				1C00DBD523F233D700B348B5 /* Sources */,
				1C00DBD623F233D700B348B5 /* Frameworks */,
				1C00DBD723F233D700B348B5 /* Resources */,
			);
			buildRules = (
			);
			dependencies = (
				1C00DBDB23F233D700B348B5 /* PBXTargetDependency */,
			);
			name = FlixTests;
			productName = FlixTests;
			productReference = 1C00DBD923F233D700B348B5 /* FlixTests.xctest */;
			productType = "com.apple.product-type.bundle.unit-test";
		};
		1C00DBE323F233D700B348B5 /* FlixUITests */ = {
			isa = PBXNativeTarget;
			buildConfigurationList = 1C00DBF323F233D700B348B5 /* Build configuration list for PBXNativeTarget "FlixUITests" */;
			buildPhases = (
				A6607FEAAF99BE00BBAD08F5 /* [CP] Check Pods Manifest.lock */,
				1C00DBE023F233D700B348B5 /* Sources */,
				1C00DBE123F233D700B348B5 /* Frameworks */,
				1C00DBE223F233D700B348B5 /* Resources */,
				0113F7BD58E3807DD90C8544 /* [CP] Embed Pods Frameworks */,
			);
			buildRules = (
			);
			dependencies = (
				1C00DBE623F233D700B348B5 /* PBXTargetDependency */,
			);
			name = FlixUITests;
			productName = FlixUITests;
			productReference = 1C00DBE423F233D700B348B5 /* FlixUITests.xctest */;
			productType = "com.apple.product-type.bundle.ui-testing";
		};
/* End PBXNativeTarget section */

/* Begin PBXProject section */
		1C00DBBB23F233D600B348B5 /* Project object */ = {
			isa = PBXProject;
			attributes = {
				LastSwiftUpdateCheck = 1110;
				LastUpgradeCheck = 1110;
				ORGANIZATIONNAME = NanarBoursalian;
				TargetAttributes = {
					1C00DBC223F233D600B348B5 = {
						CreatedOnToolsVersion = 11.1;
					};
					1C00DBD823F233D700B348B5 = {
						CreatedOnToolsVersion = 11.1;
						TestTargetID = 1C00DBC223F233D600B348B5;
					};
					1C00DBE323F233D700B348B5 = {
						CreatedOnToolsVersion = 11.1;
						TestTargetID = 1C00DBC223F233D600B348B5;
					};
				};
			};
			buildConfigurationList = 1C00DBBE23F233D600B348B5 /* Build configuration list for PBXProject "Flix" */;
			compatibilityVersion = "Xcode 9.3";
			developmentRegion = en;
			hasScannedForEncodings = 0;
			knownRegions = (
				en,
				Base,
			);
			mainGroup = 1C00DBBA23F233D600B348B5;
			productRefGroup = 1C00DBC423F233D600B348B5 /* Products */;
			projectDirPath = "";
			projectRoot = "";
			targets = (
				1C00DBC223F233D600B348B5 /* Flix */,
				1C00DBD823F233D700B348B5 /* FlixTests */,
				1C00DBE323F233D700B348B5 /* FlixUITests */,
			);
		};
/* End PBXProject section */

/* Begin PBXResourcesBuildPhase section */
		1C00DBC123F233D600B348B5 /* Resources */ = {
			isa = PBXResourcesBuildPhase;
			buildActionMask = 2147483647;
			files = (
				1C00DBD323F233D700B348B5 /* LaunchScreen.storyboard in Resources */,
				1C00DBD023F233D700B348B5 /* Assets.xcassets in Resources */,
				1C00DBCE23F233D600B348B5 /* Main.storyboard in Resources */,
			);
			runOnlyForDeploymentPostprocessing = 0;
		};
		1C00DBD723F233D700B348B5 /* Resources */ = {
			isa = PBXResourcesBuildPhase;
			buildActionMask = 2147483647;
			files = (
			);
			runOnlyForDeploymentPostprocessing = 0;
		};
		1C00DBE223F233D700B348B5 /* Resources */ = {
			isa = PBXResourcesBuildPhase;
			buildActionMask = 2147483647;
			files = (
			);
			runOnlyForDeploymentPostprocessing = 0;
		};
/* End PBXResourcesBuildPhase section */

/* Begin PBXShellScriptBuildPhase section */
		0113F7BD58E3807DD90C8544 /* [CP] Embed Pods Frameworks */ = {
			isa = PBXShellScriptBuildPhase;
			buildActionMask = 2147483647;
			files = (
			);
			inputFileListPaths = (
				"${PODS_ROOT}/Target Support Files/Pods-Flix-FlixUITests/Pods-Flix-FlixUITests-frameworks-${CONFIGURATION}-input-files.xcfilelist",
			);
			name = "[CP] Embed Pods Frameworks";
			outputFileListPaths = (
				"${PODS_ROOT}/Target Support Files/Pods-Flix-FlixUITests/Pods-Flix-FlixUITests-frameworks-${CONFIGURATION}-output-files.xcfilelist",
			);
			runOnlyForDeploymentPostprocessing = 0;
			shellPath = /bin/sh;
			shellScript = "\"${PODS_ROOT}/Target Support Files/Pods-Flix-FlixUITests/Pods-Flix-FlixUITests-frameworks.sh\"\n";
			showEnvVarsInLog = 0;
		};
		156C68EB1B624806F9CF9903 /* [CP] Embed Pods Frameworks */ = {
			isa = PBXShellScriptBuildPhase;
			buildActionMask = 2147483647;
			files = (
			);
			inputFileListPaths = (
				"${PODS_ROOT}/Target Support Files/Pods-Flix/Pods-Flix-frameworks-${CONFIGURATION}-input-files.xcfilelist",
			);
			name = "[CP] Embed Pods Frameworks";
			outputFileListPaths = (
				"${PODS_ROOT}/Target Support Files/Pods-Flix/Pods-Flix-frameworks-${CONFIGURATION}-output-files.xcfilelist",
			);
			runOnlyForDeploymentPostprocessing = 0;
			shellPath = /bin/sh;
			shellScript = "\"${PODS_ROOT}/Target Support Files/Pods-Flix/Pods-Flix-frameworks.sh\"\n";
			showEnvVarsInLog = 0;
		};
		49F757A8060BA9222AC05EC7 /* [CP] Check Pods Manifest.lock */ = {
			isa = PBXShellScriptBuildPhase;
			buildActionMask = 2147483647;
			files = (
			);
			inputFileListPaths = (
			);
			inputPaths = (
				"${PODS_PODFILE_DIR_PATH}/Podfile.lock",
				"${PODS_ROOT}/Manifest.lock",
			);
			name = "[CP] Check Pods Manifest.lock";
			outputFileListPaths = (
			);
			outputPaths = (
				"$(DERIVED_FILE_DIR)/Pods-FlixTests-checkManifestLockResult.txt",
			);
			runOnlyForDeploymentPostprocessing = 0;
			shellPath = /bin/sh;
			shellScript = "diff \"${PODS_PODFILE_DIR_PATH}/Podfile.lock\" \"${PODS_ROOT}/Manifest.lock\" > /dev/null\nif [ $? != 0 ] ; then\n    # print error to STDERR\n    echo \"error: The sandbox is not in sync with the Podfile.lock. Run 'pod install' or update your CocoaPods installation.\" >&2\n    exit 1\nfi\n# This output is used by Xcode 'outputs' to avoid re-running this script phase.\necho \"SUCCESS\" > \"${SCRIPT_OUTPUT_FILE_0}\"\n";
			showEnvVarsInLog = 0;
		};
		A6607FEAAF99BE00BBAD08F5 /* [CP] Check Pods Manifest.lock */ = {
			isa = PBXShellScriptBuildPhase;
			buildActionMask = 2147483647;
			files = (
			);
			inputFileListPaths = (
			);
			inputPaths = (
				"${PODS_PODFILE_DIR_PATH}/Podfile.lock",
				"${PODS_ROOT}/Manifest.lock",
			);
			name = "[CP] Check Pods Manifest.lock";
			outputFileListPaths = (
			);
			outputPaths = (
				"$(DERIVED_FILE_DIR)/Pods-Flix-FlixUITests-checkManifestLockResult.txt",
			);
			runOnlyForDeploymentPostprocessing = 0;
			shellPath = /bin/sh;
			shellScript = "diff \"${PODS_PODFILE_DIR_PATH}/Podfile.lock\" \"${PODS_ROOT}/Manifest.lock\" > /dev/null\nif [ $? != 0 ] ; then\n    # print error to STDERR\n    echo \"error: The sandbox is not in sync with the Podfile.lock. Run 'pod install' or update your CocoaPods installation.\" >&2\n    exit 1\nfi\n# This output is used by Xcode 'outputs' to avoid re-running this script phase.\necho \"SUCCESS\" > \"${SCRIPT_OUTPUT_FILE_0}\"\n";
			showEnvVarsInLog = 0;
		};
		AAF0BADE84DB2DAD43FE1F1C /* [CP] Check Pods Manifest.lock */ = {
			isa = PBXShellScriptBuildPhase;
			buildActionMask = 2147483647;
			files = (
			);
			inputFileListPaths = (
			);
			inputPaths = (
				"${PODS_PODFILE_DIR_PATH}/Podfile.lock",
				"${PODS_ROOT}/Manifest.lock",
			);
			name = "[CP] Check Pods Manifest.lock";
			outputFileListPaths = (
			);
			outputPaths = (
				"$(DERIVED_FILE_DIR)/Pods-Flix-checkManifestLockResult.txt",
			);
			runOnlyForDeploymentPostprocessing = 0;
			shellPath = /bin/sh;
			shellScript = "diff \"${PODS_PODFILE_DIR_PATH}/Podfile.lock\" \"${PODS_ROOT}/Manifest.lock\" > /dev/null\nif [ $? != 0 ] ; then\n    # print error to STDERR\n    echo \"error: The sandbox is not in sync with the Podfile.lock. Run 'pod install' or update your CocoaPods installation.\" >&2\n    exit 1\nfi\n# This output is used by Xcode 'outputs' to avoid re-running this script phase.\necho \"SUCCESS\" > \"${SCRIPT_OUTPUT_FILE_0}\"\n";
			showEnvVarsInLog = 0;
		};
/* End PBXShellScriptBuildPhase section */

/* Begin PBXSourcesBuildPhase section */
		1C00DBBF23F233D600B348B5 /* Sources */ = {
			isa = PBXSourcesBuildPhase;
			buildActionMask = 2147483647;
			files = (
				1C2A433C23FB7AF20057991A /* MovieDetailsViewController.swift in Sources */,
				1C00DBC723F233D600B348B5 /* AppDelegate.swift in Sources */,
				1C00DBC923F233D600B348B5 /* SceneDelegate.swift in Sources */,
				1C00DBF923F2443A00B348B5 /* MovieCell.swift in Sources */,
				1C00DBF723F2399A00B348B5 /* MoviesViewController.swift in Sources */,
				1C14754D23FC9153008451D0 /* MovieGridViewController.swift in Sources */,
				1C14754F23FC9AF2008451D0 /* MovieGridCell.swift in Sources */,
			);
			runOnlyForDeploymentPostprocessing = 0;
		};
		1C00DBD523F233D700B348B5 /* Sources */ = {
			isa = PBXSourcesBuildPhase;
			buildActionMask = 2147483647;
			files = (
				1C00DBDE23F233D700B348B5 /* FlixTests.swift in Sources */,
			);
			runOnlyForDeploymentPostprocessing = 0;
		};
		1C00DBE023F233D700B348B5 /* Sources */ = {
			isa = PBXSourcesBuildPhase;
			buildActionMask = 2147483647;
			files = (
				1C00DBE923F233D700B348B5 /* FlixUITests.swift in Sources */,
			);
			runOnlyForDeploymentPostprocessing = 0;
		};
/* End PBXSourcesBuildPhase section */

/* Begin PBXTargetDependency section */
		1C00DBDB23F233D700B348B5 /* PBXTargetDependency */ = {
			isa = PBXTargetDependency;
			target = 1C00DBC223F233D600B348B5 /* Flix */;
			targetProxy = 1C00DBDA23F233D700B348B5 /* PBXContainerItemProxy */;
		};
		1C00DBE623F233D700B348B5 /* PBXTargetDependency */ = {
			isa = PBXTargetDependency;
			target = 1C00DBC223F233D600B348B5 /* Flix */;
			targetProxy = 1C00DBE523F233D700B348B5 /* PBXContainerItemProxy */;
		};
/* End PBXTargetDependency section */

/* Begin PBXVariantGroup section */
		1C00DBCC23F233D600B348B5 /* Main.storyboard */ = {
			isa = PBXVariantGroup;
			children = (
				1C00DBCD23F233D600B348B5 /* Base */,
			);
			name = Main.storyboard;
			sourceTree = "<group>";
		};
		1C00DBD123F233D700B348B5 /* LaunchScreen.storyboard */ = {
			isa = PBXVariantGroup;
			children = (
				1C00DBD223F233D700B348B5 /* Base */,
			);
			name = LaunchScreen.storyboard;
			sourceTree = "<group>";
		};
/* End PBXVariantGroup section */

/* Begin XCBuildConfiguration section */
		1C00DBEB23F233D700B348B5 /* Debug */ = {
			isa = XCBuildConfiguration;
			buildSettings = {
				ALWAYS_SEARCH_USER_PATHS = NO;
				CLANG_ANALYZER_NONNULL = YES;
				CLANG_ANALYZER_NUMBER_OBJECT_CONVERSION = YES_AGGRESSIVE;
				CLANG_CXX_LANGUAGE_STANDARD = "gnu++14";
				CLANG_CXX_LIBRARY = "libc++";
				CLANG_ENABLE_MODULES = YES;
				CLANG_ENABLE_OBJC_ARC = YES;
				CLANG_ENABLE_OBJC_WEAK = YES;
				CLANG_WARN_BLOCK_CAPTURE_AUTORELEASING = YES;
				CLANG_WARN_BOOL_CONVERSION = YES;
				CLANG_WARN_COMMA = YES;
				CLANG_WARN_CONSTANT_CONVERSION = YES;
				CLANG_WARN_DEPRECATED_OBJC_IMPLEMENTATIONS = YES;
				CLANG_WARN_DIRECT_OBJC_ISA_USAGE = YES_ERROR;
				CLANG_WARN_DOCUMENTATION_COMMENTS = YES;
				CLANG_WARN_EMPTY_BODY = YES;
				CLANG_WARN_ENUM_CONVERSION = YES;
				CLANG_WARN_INFINITE_RECURSION = YES;
				CLANG_WARN_INT_CONVERSION = YES;
				CLANG_WARN_NON_LITERAL_NULL_CONVERSION = YES;
				CLANG_WARN_OBJC_IMPLICIT_RETAIN_SELF = YES;
				CLANG_WARN_OBJC_LITERAL_CONVERSION = YES;
				CLANG_WARN_OBJC_ROOT_CLASS = YES_ERROR;
				CLANG_WARN_RANGE_LOOP_ANALYSIS = YES;
				CLANG_WARN_STRICT_PROTOTYPES = YES;
				CLANG_WARN_SUSPICIOUS_MOVE = YES;
				CLANG_WARN_UNGUARDED_AVAILABILITY = YES_AGGRESSIVE;
				CLANG_WARN_UNREACHABLE_CODE = YES;
				CLANG_WARN__DUPLICATE_METHOD_MATCH = YES;
				COPY_PHASE_STRIP = NO;
				DEBUG_INFORMATION_FORMAT = dwarf;
				ENABLE_STRICT_OBJC_MSGSEND = YES;
				ENABLE_TESTABILITY = YES;
				GCC_C_LANGUAGE_STANDARD = gnu11;
				GCC_DYNAMIC_NO_PIC = NO;
				GCC_NO_COMMON_BLOCKS = YES;
				GCC_OPTIMIZATION_LEVEL = 0;
				GCC_PREPROCESSOR_DEFINITIONS = (
					"DEBUG=1",
					"$(inherited)",
				);
				GCC_WARN_64_TO_32_BIT_CONVERSION = YES;
				GCC_WARN_ABOUT_RETURN_TYPE = YES_ERROR;
				GCC_WARN_UNDECLARED_SELECTOR = YES;
				GCC_WARN_UNINITIALIZED_AUTOS = YES_AGGRESSIVE;
				GCC_WARN_UNUSED_FUNCTION = YES;
				GCC_WARN_UNUSED_VARIABLE = YES;
				IPHONEOS_DEPLOYMENT_TARGET = 13.1;
				MTL_ENABLE_DEBUG_INFO = INCLUDE_SOURCE;
				MTL_FAST_MATH = YES;
				ONLY_ACTIVE_ARCH = YES;
				SDKROOT = iphoneos;
				SWIFT_ACTIVE_COMPILATION_CONDITIONS = DEBUG;
				SWIFT_OPTIMIZATION_LEVEL = "-Onone";
			};
			name = Debug;
		};
		1C00DBEC23F233D700B348B5 /* Release */ = {
			isa = XCBuildConfiguration;
			buildSettings = {
				ALWAYS_SEARCH_USER_PATHS = NO;
				CLANG_ANALYZER_NONNULL = YES;
				CLANG_ANALYZER_NUMBER_OBJECT_CONVERSION = YES_AGGRESSIVE;
				CLANG_CXX_LANGUAGE_STANDARD = "gnu++14";
				CLANG_CXX_LIBRARY = "libc++";
				CLANG_ENABLE_MODULES = YES;
				CLANG_ENABLE_OBJC_ARC = YES;
				CLANG_ENABLE_OBJC_WEAK = YES;
				CLANG_WARN_BLOCK_CAPTURE_AUTORELEASING = YES;
				CLANG_WARN_BOOL_CONVERSION = YES;
				CLANG_WARN_COMMA = YES;
				CLANG_WARN_CONSTANT_CONVERSION = YES;
				CLANG_WARN_DEPRECATED_OBJC_IMPLEMENTATIONS = YES;
				CLANG_WARN_DIRECT_OBJC_ISA_USAGE = YES_ERROR;
				CLANG_WARN_DOCUMENTATION_COMMENTS = YES;
				CLANG_WARN_EMPTY_BODY = YES;
				CLANG_WARN_ENUM_CONVERSION = YES;
				CLANG_WARN_INFINITE_RECURSION = YES;
				CLANG_WARN_INT_CONVERSION = YES;
				CLANG_WARN_NON_LITERAL_NULL_CONVERSION = YES;
				CLANG_WARN_OBJC_IMPLICIT_RETAIN_SELF = YES;
				CLANG_WARN_OBJC_LITERAL_CONVERSION = YES;
				CLANG_WARN_OBJC_ROOT_CLASS = YES_ERROR;
				CLANG_WARN_RANGE_LOOP_ANALYSIS = YES;
				CLANG_WARN_STRICT_PROTOTYPES = YES;
				CLANG_WARN_SUSPICIOUS_MOVE = YES;
				CLANG_WARN_UNGUARDED_AVAILABILITY = YES_AGGRESSIVE;
				CLANG_WARN_UNREACHABLE_CODE = YES;
				CLANG_WARN__DUPLICATE_METHOD_MATCH = YES;
				COPY_PHASE_STRIP = NO;
				DEBUG_INFORMATION_FORMAT = "dwarf-with-dsym";
				ENABLE_NS_ASSERTIONS = NO;
				ENABLE_STRICT_OBJC_MSGSEND = YES;
				GCC_C_LANGUAGE_STANDARD = gnu11;
				GCC_NO_COMMON_BLOCKS = YES;
				GCC_WARN_64_TO_32_BIT_CONVERSION = YES;
				GCC_WARN_ABOUT_RETURN_TYPE = YES_ERROR;
				GCC_WARN_UNDECLARED_SELECTOR = YES;
				GCC_WARN_UNINITIALIZED_AUTOS = YES_AGGRESSIVE;
				GCC_WARN_UNUSED_FUNCTION = YES;
				GCC_WARN_UNUSED_VARIABLE = YES;
				IPHONEOS_DEPLOYMENT_TARGET = 13.1;
				MTL_ENABLE_DEBUG_INFO = NO;
				MTL_FAST_MATH = YES;
				SDKROOT = iphoneos;
				SWIFT_COMPILATION_MODE = wholemodule;
				SWIFT_OPTIMIZATION_LEVEL = "-O";
				VALIDATE_PRODUCT = YES;
			};
			name = Release;
		};
		1C00DBEE23F233D700B348B5 /* Debug */ = {
			isa = XCBuildConfiguration;
			baseConfigurationReference = 8578BA3594151CC5EA1AE48B /* Pods-Flix.debug.xcconfig */;
			buildSettings = {
				ASSETCATALOG_COMPILER_APPICON_NAME = AppIcon;
				CODE_SIGN_STYLE = Automatic;
				INFOPLIST_FILE = Flix/Info.plist;
				LD_RUNPATH_SEARCH_PATHS = (
					"$(inherited)",
					"@executable_path/Frameworks",
				);
				PRODUCT_BUNDLE_IDENTIFIER = com.NanarBoursalian.Flix;
				PRODUCT_NAME = "$(TARGET_NAME)";
				SWIFT_VERSION = 5.0;
				TARGETED_DEVICE_FAMILY = "1,2";
			};
			name = Debug;
		};
		1C00DBEF23F233D700B348B5 /* Release */ = {
			isa = XCBuildConfiguration;
			baseConfigurationReference = 141CBA3D5A2A83F76059B86D /* Pods-Flix.release.xcconfig */;
			buildSettings = {
				ASSETCATALOG_COMPILER_APPICON_NAME = AppIcon;
				CODE_SIGN_STYLE = Automatic;
				INFOPLIST_FILE = Flix/Info.plist;
				LD_RUNPATH_SEARCH_PATHS = (
					"$(inherited)",
					"@executable_path/Frameworks",
				);
				PRODUCT_BUNDLE_IDENTIFIER = com.NanarBoursalian.Flix;
				PRODUCT_NAME = "$(TARGET_NAME)";
				SWIFT_VERSION = 5.0;
				TARGETED_DEVICE_FAMILY = "1,2";
			};
			name = Release;
		};
		1C00DBF123F233D700B348B5 /* Debug */ = {
			isa = XCBuildConfiguration;
			baseConfigurationReference = F0506C4ED537E4BA367BB0BD /* Pods-FlixTests.debug.xcconfig */;
			buildSettings = {
				ALWAYS_EMBED_SWIFT_STANDARD_LIBRARIES = YES;
				BUNDLE_LOADER = "$(TEST_HOST)";
				CODE_SIGN_STYLE = Automatic;
				INFOPLIST_FILE = FlixTests/Info.plist;
				IPHONEOS_DEPLOYMENT_TARGET = 13.1;
				LD_RUNPATH_SEARCH_PATHS = (
					"$(inherited)",
					"@executable_path/Frameworks",
					"@loader_path/Frameworks",
				);
				PRODUCT_BUNDLE_IDENTIFIER = com.NanarBoursalian.FlixTests;
				PRODUCT_NAME = "$(TARGET_NAME)";
				SWIFT_VERSION = 5.0;
				TARGETED_DEVICE_FAMILY = "1,2";
				TEST_HOST = "$(BUILT_PRODUCTS_DIR)/Flix.app/Flix";
			};
			name = Debug;
		};
		1C00DBF223F233D700B348B5 /* Release */ = {
			isa = XCBuildConfiguration;
			baseConfigurationReference = E9680ED863E669329D640AA9 /* Pods-FlixTests.release.xcconfig */;
			buildSettings = {
				ALWAYS_EMBED_SWIFT_STANDARD_LIBRARIES = YES;
				BUNDLE_LOADER = "$(TEST_HOST)";
				CODE_SIGN_STYLE = Automatic;
				INFOPLIST_FILE = FlixTests/Info.plist;
				IPHONEOS_DEPLOYMENT_TARGET = 13.1;
				LD_RUNPATH_SEARCH_PATHS = (
					"$(inherited)",
					"@executable_path/Frameworks",
					"@loader_path/Frameworks",
				);
				PRODUCT_BUNDLE_IDENTIFIER = com.NanarBoursalian.FlixTests;
				PRODUCT_NAME = "$(TARGET_NAME)";
				SWIFT_VERSION = 5.0;
				TARGETED_DEVICE_FAMILY = "1,2";
				TEST_HOST = "$(BUILT_PRODUCTS_DIR)/Flix.app/Flix";
			};
			name = Release;
		};
		1C00DBF423F233D700B348B5 /* Debug */ = {
			isa = XCBuildConfiguration;
			baseConfigurationReference = 332D3FF074C5200ED9624D3F /* Pods-Flix-FlixUITests.debug.xcconfig */;
			buildSettings = {
				ALWAYS_EMBED_SWIFT_STANDARD_LIBRARIES = YES;
				CODE_SIGN_STYLE = Automatic;
				INFOPLIST_FILE = FlixUITests/Info.plist;
				LD_RUNPATH_SEARCH_PATHS = (
					"$(inherited)",
					"@executable_path/Frameworks",
					"@loader_path/Frameworks",
				);
				PRODUCT_BUNDLE_IDENTIFIER = com.NanarBoursalian.FlixUITests;
				PRODUCT_NAME = "$(TARGET_NAME)";
				SWIFT_VERSION = 5.0;
				TARGETED_DEVICE_FAMILY = "1,2";
				TEST_TARGET_NAME = Flix;
			};
			name = Debug;
		};
		1C00DBF523F233D700B348B5 /* Release */ = {
			isa = XCBuildConfiguration;
			baseConfigurationReference = 4033982391E7A7B8998694D2 /* Pods-Flix-FlixUITests.release.xcconfig */;
			buildSettings = {
				ALWAYS_EMBED_SWIFT_STANDARD_LIBRARIES = YES;
				CODE_SIGN_STYLE = Automatic;
				INFOPLIST_FILE = FlixUITests/Info.plist;
				LD_RUNPATH_SEARCH_PATHS = (
					"$(inherited)",
					"@executable_path/Frameworks",
					"@loader_path/Frameworks",
				);
				PRODUCT_BUNDLE_IDENTIFIER = com.NanarBoursalian.FlixUITests;
				PRODUCT_NAME = "$(TARGET_NAME)";
				SWIFT_VERSION = 5.0;
				TARGETED_DEVICE_FAMILY = "1,2";
				TEST_TARGET_NAME = Flix;
			};
			name = Release;
		};
/* End XCBuildConfiguration section */

/* Begin XCConfigurationList section */
		1C00DBBE23F233D600B348B5 /* Build configuration list for PBXProject "Flix" */ = {
			isa = XCConfigurationList;
			buildConfigurations = (
				1C00DBEB23F233D700B348B5 /* Debug */,
				1C00DBEC23F233D700B348B5 /* Release */,
			);
			defaultConfigurationIsVisible = 0;
			defaultConfigurationName = Release;
		};
		1C00DBED23F233D700B348B5 /* Build configuration list for PBXNativeTarget "Flix" */ = {
			isa = XCConfigurationList;
			buildConfigurations = (
				1C00DBEE23F233D700B348B5 /* Debug */,
				1C00DBEF23F233D700B348B5 /* Release */,
			);
			defaultConfigurationIsVisible = 0;
			defaultConfigurationName = Release;
		};
		1C00DBF023F233D700B348B5 /* Build configuration list for PBXNativeTarget "FlixTests" */ = {
			isa = XCConfigurationList;
			buildConfigurations = (
				1C00DBF123F233D700B348B5 /* Debug */,
				1C00DBF223F233D700B348B5 /* Release */,
			);
			defaultConfigurationIsVisible = 0;
			defaultConfigurationName = Release;
		};
		1C00DBF323F233D700B348B5 /* Build configuration list for PBXNativeTarget "FlixUITests" */ = {
			isa = XCConfigurationList;
			buildConfigurations = (
				1C00DBF423F233D700B348B5 /* Debug */,
				1C00DBF523F233D700B348B5 /* Release */,
			);
			defaultConfigurationIsVisible = 0;
			defaultConfigurationName = Release;
		};
/* End XCConfigurationList section */
	};
	rootObject = 1C00DBBB23F233D600B348B5 /* Project object */;
}
